{
  "name": "rust-htop",
  "lockfileVersion": 2,
  "requires": true,
  "packages": {
    "": {
      "dependencies": {
        "htm": "^3.1.1",
        "preact": "^10.14.1",
        "purecss": "^3.0.0"
      }
    },
    "node_modules/htm": {
      "version": "3.1.1",
      "resolved": "https://registry.npmjs.org/htm/-/htm-3.1.1.tgz",
      "integrity": "sha512-983Vyg8NwUE7JkZ6NmOqpCZ+sh1bKv2iYTlUkzlWmA5JD2acKoxd4KVxbMmxX/85mtfdnDmTFoNKcg5DGAvxNQ=="
    },
    "node_modules/preact": {
      "version": "10.14.1",
      "resolved": "https://registry.npmjs.org/preact/-/preact-10.14.1.tgz",
      "integrity": "sha512-4XDSnUisk3YFBb3p9WeKeH1mKoxdFUsaXcvxs9wlpYR1wax/TWJVqhwmIWbByX0h7jMEJH6Zc5J6jqc58FKaNQ==",
      "funding": {
        "type": "opencollective",
        "url": "https://opencollective.com/preact"
      }
    },
    "node_modules/purecss": {
      "version": "3.0.0",
      "resolved": "https://registry.npmjs.org/purecss/-/purecss-3.0.0.tgz",
      "integrity": "sha512-IdYbGwbmuA7Hy9ACIO1q7ks4xGLcJSVHxJT2BXIz2c4Ve1aSrNU5bAzA1ILT4Gmdy5K59ruWoRPf9WvJZU5fbA=="
    }
  },
  "dependencies": {
    "htm": {
      "version": "3.1.1",
      "resolved": "https://registry.npmjs.org/htm/-/htm-3.1.1.tgz",
      "integrity": "sha512-983Vyg8NwUE7JkZ6NmOqpCZ+sh1bKv2iYTlUkzlWmA5JD2acKoxd4KVxbMmxX/85mtfdnDmTFoNKcg5DGAvxNQ=="
    },
    "preact": {
      "version": "10.14.1",
      "resolved": "https://registry.npmjs.org/preact/-/preact-10.14.1.tgz",
      "integrity": "sha512-4XDSnUisk3YFBb3p9WeKeH1mKoxdFUsaXcvxs9wlpYR1wax/TWJVqhwmIWbByX0h7jMEJH6Zc5J6jqc58FKaNQ=="
    },
    "purecss": {
      "version": "3.0.0",
      "resolved": "https://registry.npmjs.org/purecss/-/purecss-3.0.0.tgz",
      "integrity": "sha512-IdYbGwbmuA7Hy9ACIO1q7ks4xGLcJSVHxJT2BXIz2c4Ve1aSrNU5bAzA1ILT4Gmdy5K59ruWoRPf9WvJZU5fbA=="
    }
  }
}
